
Microsoft Visual Studio Solution File, Format Version 12.00
# Visual Studio Version 16
VisualStudioVersion = 16.0.30523.141
MinimumVisualStudioVersion = 10.0.40219.1
Project("{8BC9CEB8-8B4A-11D0-8D11-00A0C91BC942}") = "CVRPTW", "CVRPTW.vcxproj", "{B585C534-8758-4BC7-8330-5139C874459D}"
EndProject
Project("{2150E333-8FDC-42A3-9474-1A3956D46DE8}") = "Input", "Input", "{E5A97E94-829E-4D2B-8ED8-FE5E9620945D}"
	ProjectSection(SolutionItems) = preProject
		..\..\..\Desktop\OK projekt\Input\cvrptw1.txt = ..\..\..\Desktop\OK projekt\Input\cvrptw1.txt
		..\..\..\Desktop\OK projekt\Input\cvrptw2.txt = ..\..\..\Desktop\OK projekt\Input\cvrptw2.txt
		..\..\..\Desktop\OK projekt\Input\cvrptw3.txt = ..\..\..\Desktop\OK projekt\Input\cvrptw3.txt
		..\..\..\Desktop\OK projekt\Input\cvrptw4.txt = ..\..\..\Desktop\OK projekt\Input\cvrptw4.txt
		..\..\..\Desktop\OK projekt\Input\rc21010.txt = ..\..\..\Desktop\OK projekt\Input\rc21010.txt
	EndProjectSection
EndProject
Global
	GlobalSection(SolutionConfigurationPlatforms) = preSolution
		Debug|x64 = Debug|x64
		Debug|x86 = Debug|x86
		Release|x64 = Release|x64
		Release|x86 = Release|x86
	EndGlobalSection
	GlobalSection(ProjectConfigurationPlatforms) = postSolution
		{B585C534-8758-4BC7-8330-5139C874459D}.Debug|x64.ActiveCfg = Debug|x64
		{B585C534-8758-4BC7-8330-5139C874459D}.Debug|x64.Build.0 = Debug|x64
		{B585C534-8758-4BC7-8330-5139C874459D}.Debug|x86.ActiveCfg = Debug|Win32
		{B585C534-8758-4BC7-8330-5139C874459D}.Debug|x86.Build.0 = Debug|Win32
		{B585C534-8758-4BC7-8330-5139C874459D}.Release|x64.ActiveCfg = Release|x64
		{B585C534-8758-4BC7-8330-5139C874459D}.Release|x64.Build.0 = Release|x64
		{B585C534-8758-4BC7-8330-5139C874459D}.Release|x86.ActiveCfg = Release|Win32
		{B585C534-8758-4BC7-8330-5139C874459D}.Release|x86.Build.0 = Release|Win32
	EndGlobalSection
	GlobalSection(SolutionProperties) = preSolution
		HideSolutionNode = FALSE
	EndGlobalSection
	GlobalSection(ExtensibilityGlobals) = postSolution
		SolutionGuid = {5F1C8B6B-95EC-410C-B2ED-54CF67CB49E0}
	EndGlobalSection
EndGlobal
